
Microsoft Visual Studio Solution File, Format Version 12.00
# Visual Studio Version 17
VisualStudioVersion = 17.6.33723.286
MinimumVisualStudioVersion = 10.0.40219.1
Project("{FAE04EC0-301F-11D3-BF4B-00C04F79EFBC}") = "SqsSnsIntegration.Api", "SqsSnsIntegration.Api\SqsSnsIntegration.Api.csproj", "{722CEF22-77ED-451E-8D35-1CF0145EB3E9}"
EndProject
Project("{9A19103F-16F7-4668-BE54-9A1E7A4F7556}") = "LambdaSqsIntegration", "LambdaSqsIntegration\LambdaSqsIntegration.csproj", "{82DBACCA-62E1-4FA2-8764-7D07CD61C7AF}"
EndProject
Global
	GlobalSection(SolutionConfigurationPlatforms) = preSolution
		Debug|Any CPU = Debug|Any CPU
		Release|Any CPU = Release|Any CPU
	EndGlobalSection
	GlobalSection(ProjectConfigurationPlatforms) = postSolution
		{722CEF22-77ED-451E-8D35-1CF0145EB3E9}.Debug|Any CPU.ActiveCfg = Debug|Any CPU
		{722CEF22-77ED-451E-8D35-1CF0145EB3E9}.Debug|Any CPU.Build.0 = Debug|Any CPU
		{722CEF22-77ED-451E-8D35-1CF0145EB3E9}.Release|Any CPU.ActiveCfg = Release|Any CPU
		{722CEF22-77ED-451E-8D35-1CF0145EB3E9}.Release|Any CPU.Build.0 = Release|Any CPU
		{82DBACCA-62E1-4FA2-8764-7D07CD61C7AF}.Debug|Any CPU.ActiveCfg = Debug|Any CPU
		{82DBACCA-62E1-4FA2-8764-7D07CD61C7AF}.Debug|Any CPU.Build.0 = Debug|Any CPU
		{82DBACCA-62E1-4FA2-8764-7D07CD61C7AF}.Release|Any CPU.ActiveCfg = Release|Any CPU
		{82DBACCA-62E1-4FA2-8764-7D07CD61C7AF}.Release|Any CPU.Build.0 = Release|Any CPU
	EndGlobalSection
	GlobalSection(SolutionProperties) = preSolution
		HideSolutionNode = FALSE
	EndGlobalSection
	GlobalSection(ExtensibilityGlobals) = postSolution
		SolutionGuid = {78732CA0-F909-4B82-BFF9-07ED27ECAAE0}
	EndGlobalSection
EndGlobal
